
Microsoft Visual Studio Solution File, Format Version 12.00
# Visual Studio Version 17
VisualStudioVersion = 17.14.36623.8
MinimumVisualStudioVersion = 10.0.40219.1
Project("{FAE04EC0-301F-11D3-BF4B-00C04F79EFBC}") = "SecurityConsoleApp", "..\..\Universal_RunnerApp\src\security_solutions\SecurityConsoleApp\SecurityConsoleApp.csproj", "{5E6195AB-1FD3-A0EA-96D5-C98CC51AC701}"
EndProject
Global
	GlobalSection(SolutionConfigurationPlatforms) = preSolution
		Debug|Any CPU = Debug|Any CPU
		Release|Any CPU = Release|Any CPU
	EndGlobalSection
	GlobalSection(ProjectConfigurationPlatforms) = postSolution
		{5E6195AB-1FD3-A0EA-96D5-C98CC51AC701}.Debug|Any CPU.ActiveCfg = Debug|Any CPU
		{5E6195AB-1FD3-A0EA-96D5-C98CC51AC701}.Debug|Any CPU.Build.0 = Debug|Any CPU
		{5E6195AB-1FD3-A0EA-96D5-C98CC51AC701}.Release|Any CPU.ActiveCfg = Release|Any CPU
		{5E6195AB-1FD3-A0EA-96D5-C98CC51AC701}.Release|Any CPU.Build.0 = Release|Any CPU
	EndGlobalSection
	GlobalSection(SolutionProperties) = preSolution
		HideSolutionNode = FALSE
	EndGlobalSection
	GlobalSection(ExtensibilityGlobals) = postSolution
		SolutionGuid = {B0602014-6325-4907-8D1D-86425CD59FAC}
	EndGlobalSection
EndGlobal
